
Microsoft Visual Studio Solution File, Format Version 12.00
# Visual Studio 15
VisualStudioVersion = 15.0.28010.2048
MinimumVisualStudioVersion = 10.0.40219.1
Project("{FAE04EC0-301F-11D3-BF4B-00C04F79EFBC}") = "qcHackathon2018", "qcHackathon2018\qcHackathon2018.csproj", "{3B27451E-42E6-48DC-A196-E9FA88A50172}"
EndProject
Global
	GlobalSection(SolutionConfigurationPlatforms) = preSolution
		Debug|Any CPU = Debug|Any CPU
		Release|Any CPU = Release|Any CPU
	EndGlobalSection
	GlobalSection(ProjectConfigurationPlatforms) = postSolution
		{3B27451E-42E6-48DC-A196-E9FA88A50172}.Debug|Any CPU.ActiveCfg = Debug|Any CPU
		{3B27451E-42E6-48DC-A196-E9FA88A50172}.Debug|Any CPU.Build.0 = Debug|Any CPU
		{3B27451E-42E6-48DC-A196-E9FA88A50172}.Release|Any CPU.ActiveCfg = Release|Any CPU
		{3B27451E-42E6-48DC-A196-E9FA88A50172}.Release|Any CPU.Build.0 = Release|Any CPU
	EndGlobalSection
	GlobalSection(SolutionProperties) = preSolution
		HideSolutionNode = FALSE
	EndGlobalSection
	GlobalSection(ExtensibilityGlobals) = postSolution
		SolutionGuid = {94FA8B4F-95FE-4AF6-993E-20808B474F4F}
	EndGlobalSection
EndGlobal
